
Microsoft Visual Studio Solution File, Format Version 12.00
# Visual Studio Version 16
VisualStudioVersion = 16.0.29306.81
MinimumVisualStudioVersion = 10.0.40219.1
Project("{8BC9CEB8-8B4A-11D0-8D11-00A0C91BC942}") = "AreciboMessage", "AreciboMessage\AreciboMessage.vcxproj", "{D98FFC01-98EF-445A-8E54-05B78ABE795F}"
EndProject
Project("{8BC9CEB8-8B4A-11D0-8D11-00A0C91BC942}") = "AreciboMessageTest", "AreciboMessageTest\AreciboMessageTest.vcxproj", "{7785E0B6-0010-4472-A80B-140497634F5A}"
EndProject
Global
	GlobalSection(SolutionConfigurationPlatforms) = preSolution
		Debug|x64 = Debug|x64
		Debug|x86 = Debug|x86
		Release|x64 = Release|x64
		Release|x86 = Release|x86
	EndGlobalSection
	GlobalSection(ProjectConfigurationPlatforms) = postSolution
		{D98FFC01-98EF-445A-8E54-05B78ABE795F}.Debug|x64.ActiveCfg = Debug|x64
		{D98FFC01-98EF-445A-8E54-05B78ABE795F}.Debug|x64.Build.0 = Debug|x64
		{D98FFC01-98EF-445A-8E54-05B78ABE795F}.Debug|x86.ActiveCfg = Debug|Win32
		{D98FFC01-98EF-445A-8E54-05B78ABE795F}.Debug|x86.Build.0 = Debug|Win32
		{D98FFC01-98EF-445A-8E54-05B78ABE795F}.Release|x64.ActiveCfg = Release|x64
		{D98FFC01-98EF-445A-8E54-05B78ABE795F}.Release|x64.Build.0 = Release|x64
		{D98FFC01-98EF-445A-8E54-05B78ABE795F}.Release|x86.ActiveCfg = Release|Win32
		{D98FFC01-98EF-445A-8E54-05B78ABE795F}.Release|x86.Build.0 = Release|Win32
		{7785E0B6-0010-4472-A80B-140497634F5A}.Debug|x64.ActiveCfg = Debug|x64
		{7785E0B6-0010-4472-A80B-140497634F5A}.Debug|x64.Build.0 = Debug|x64
		{7785E0B6-0010-4472-A80B-140497634F5A}.Debug|x86.ActiveCfg = Debug|Win32
		{7785E0B6-0010-4472-A80B-140497634F5A}.Debug|x86.Build.0 = Debug|Win32
		{7785E0B6-0010-4472-A80B-140497634F5A}.Release|x64.ActiveCfg = Release|x64
		{7785E0B6-0010-4472-A80B-140497634F5A}.Release|x64.Build.0 = Release|x64
		{7785E0B6-0010-4472-A80B-140497634F5A}.Release|x86.ActiveCfg = Release|Win32
		{7785E0B6-0010-4472-A80B-140497634F5A}.Release|x86.Build.0 = Release|Win32
	EndGlobalSection
	GlobalSection(SolutionProperties) = preSolution
		HideSolutionNode = FALSE
	EndGlobalSection
	GlobalSection(ExtensibilityGlobals) = postSolution
		SolutionGuid = {AA41C89A-BDA4-40C2-9FC3-0FACB8CDE322}
	EndGlobalSection
EndGlobal
